
Microsoft Visual Studio Solution File, Format Version 12.00
# Visual Studio Version 17
VisualStudioVersion = 17.3.32825.248
MinimumVisualStudioVersion = 10.0.40219.1
Project("{9A19103F-16F7-4668-BE54-9A1E7A4F7556}") = "pz-5", "pz-5\pz-5.csproj", "{588836F1-7C51-4429-8C0E-18F580468A60}"
EndProject
Project("{9A19103F-16F7-4668-BE54-9A1E7A4F7556}") = "pz-6", "pz-6\pz-6.csproj", "{D253D496-83D5-4C53-BFB3-1E2CDF98CDB0}"
EndProject
Project("{9A19103F-16F7-4668-BE54-9A1E7A4F7556}") = "pz-7", "pz-7\pz-7.csproj", "{038237FB-4A35-40FE-868A-63EBC4F323D5}"
EndProject
Project("{9A19103F-16F7-4668-BE54-9A1E7A4F7556}") = "pz-7-add", "pz-7-add\pz-7-add.csproj", "{27E4CEC7-4EB1-4659-A1AD-3BD0EF92F0F1}"
EndProject
Project("{FAE04EC0-301F-11D3-BF4B-00C04F79EFBC}") = "pz-8", "pz-8\pz-8.csproj", "{4EAC8DF2-597E-42B3-ACF1-F3CE1C4A15D2}"
EndProject
Project("{FAE04EC0-301F-11D3-BF4B-00C04F79EFBC}") = "pz-9", "pz-9\pz-9.csproj", "{1EEC96A3-6491-4810-A642-B8EFD4694790}"
EndProject
Project("{FAE04EC0-301F-11D3-BF4B-00C04F79EFBC}") = "pz-10", "pz-10\pz-10.csproj", "{D81B3955-4647-49FE-95D1-B17299674DB3}"
EndProject
Project("{FAE04EC0-301F-11D3-BF4B-00C04F79EFBC}") = "pz-11", "pz-11\pz-11.csproj", "{D57B06AA-79B3-457E-A34E-CADC0BF5CFCF}"
EndProject
Project("{FAE04EC0-301F-11D3-BF4B-00C04F79EFBC}") = "pz-12", "pz-12\pz-12.csproj", "{3D9332B8-322C-4092-9942-FD32A77A7AC4}"
EndProject
Project("{9A19103F-16F7-4668-BE54-9A1E7A4F7556}") = "pz-13", "pz-13\pz-13.csproj", "{CCC69AB4-F1D2-43D5-868F-FDDE0CD3815F}"
EndProject
Project("{9A19103F-16F7-4668-BE54-9A1E7A4F7556}") = "pz-14", "pz-14\pz-14.csproj", "{4A029BFD-46A9-42FB-9837-921510215F0B}"
EndProject
Project("{9A19103F-16F7-4668-BE54-9A1E7A4F7556}") = "pz-15", "pz-15\pz-15.csproj", "{951FF07E-FC44-4393-ABCE-5809788EA6E5}"
EndProject
Project("{9A19103F-16F7-4668-BE54-9A1E7A4F7556}") = "pz-16", "pz-16\pz-16.csproj", "{15F5C119-D8A5-46AB-A5F1-BC23FC3B5EA9}"
EndProject
Project("{9A19103F-16F7-4668-BE54-9A1E7A4F7556}") = "minigame", "minigame\minigame.csproj", "{B04BC05C-8B66-45D3-A831-F1FA29F0BFA1}"
EndProject
Project("{FAE04EC0-301F-11D3-BF4B-00C04F79EFBC}") = "pz-19", "pz-19\pz-19.csproj", "{B5681D86-CAEC-4CB5-B703-15E2486CC045}"
EndProject
Global
	GlobalSection(SolutionConfigurationPlatforms) = preSolution
		Debug|Any CPU = Debug|Any CPU
		Release|Any CPU = Release|Any CPU
	EndGlobalSection
	GlobalSection(ProjectConfigurationPlatforms) = postSolution
		{588836F1-7C51-4429-8C0E-18F580468A60}.Debug|Any CPU.ActiveCfg = Debug|Any CPU
		{588836F1-7C51-4429-8C0E-18F580468A60}.Debug|Any CPU.Build.0 = Debug|Any CPU
		{588836F1-7C51-4429-8C0E-18F580468A60}.Release|Any CPU.ActiveCfg = Release|Any CPU
		{588836F1-7C51-4429-8C0E-18F580468A60}.Release|Any CPU.Build.0 = Release|Any CPU
		{D253D496-83D5-4C53-BFB3-1E2CDF98CDB0}.Debug|Any CPU.ActiveCfg = Debug|Any CPU
		{D253D496-83D5-4C53-BFB3-1E2CDF98CDB0}.Debug|Any CPU.Build.0 = Debug|Any CPU
		{D253D496-83D5-4C53-BFB3-1E2CDF98CDB0}.Release|Any CPU.ActiveCfg = Release|Any CPU
		{D253D496-83D5-4C53-BFB3-1E2CDF98CDB0}.Release|Any CPU.Build.0 = Release|Any CPU
		{038237FB-4A35-40FE-868A-63EBC4F323D5}.Debug|Any CPU.ActiveCfg = Debug|Any CPU
		{038237FB-4A35-40FE-868A-63EBC4F323D5}.Debug|Any CPU.Build.0 = Debug|Any CPU
		{038237FB-4A35-40FE-868A-63EBC4F323D5}.Release|Any CPU.ActiveCfg = Release|Any CPU
		{038237FB-4A35-40FE-868A-63EBC4F323D5}.Release|Any CPU.Build.0 = Release|Any CPU
		{27E4CEC7-4EB1-4659-A1AD-3BD0EF92F0F1}.Debug|Any CPU.ActiveCfg = Debug|Any CPU
		{27E4CEC7-4EB1-4659-A1AD-3BD0EF92F0F1}.Debug|Any CPU.Build.0 = Debug|Any CPU
		{27E4CEC7-4EB1-4659-A1AD-3BD0EF92F0F1}.Release|Any CPU.ActiveCfg = Release|Any CPU
		{27E4CEC7-4EB1-4659-A1AD-3BD0EF92F0F1}.Release|Any CPU.Build.0 = Release|Any CPU
		{4EAC8DF2-597E-42B3-ACF1-F3CE1C4A15D2}.Debug|Any CPU.ActiveCfg = Debug|Any CPU
		{4EAC8DF2-597E-42B3-ACF1-F3CE1C4A15D2}.Debug|Any CPU.Build.0 = Debug|Any CPU
		{4EAC8DF2-597E-42B3-ACF1-F3CE1C4A15D2}.Release|Any CPU.ActiveCfg = Release|Any CPU
		{4EAC8DF2-597E-42B3-ACF1-F3CE1C4A15D2}.Release|Any CPU.Build.0 = Release|Any CPU
		{1EEC96A3-6491-4810-A642-B8EFD4694790}.Debug|Any CPU.ActiveCfg = Debug|Any CPU
		{1EEC96A3-6491-4810-A642-B8EFD4694790}.Debug|Any CPU.Build.0 = Debug|Any CPU
		{1EEC96A3-6491-4810-A642-B8EFD4694790}.Release|Any CPU.ActiveCfg = Release|Any CPU
		{1EEC96A3-6491-4810-A642-B8EFD4694790}.Release|Any CPU.Build.0 = Release|Any CPU
		{D81B3955-4647-49FE-95D1-B17299674DB3}.Debug|Any CPU.ActiveCfg = Debug|Any CPU
		{D81B3955-4647-49FE-95D1-B17299674DB3}.Debug|Any CPU.Build.0 = Debug|Any CPU
		{D81B3955-4647-49FE-95D1-B17299674DB3}.Release|Any CPU.ActiveCfg = Release|Any CPU
		{D81B3955-4647-49FE-95D1-B17299674DB3}.Release|Any CPU.Build.0 = Release|Any CPU
		{D57B06AA-79B3-457E-A34E-CADC0BF5CFCF}.Debug|Any CPU.ActiveCfg = Debug|Any CPU
		{D57B06AA-79B3-457E-A34E-CADC0BF5CFCF}.Debug|Any CPU.Build.0 = Debug|Any CPU
		{D57B06AA-79B3-457E-A34E-CADC0BF5CFCF}.Release|Any CPU.ActiveCfg = Release|Any CPU
		{D57B06AA-79B3-457E-A34E-CADC0BF5CFCF}.Release|Any CPU.Build.0 = Release|Any CPU
		{3D9332B8-322C-4092-9942-FD32A77A7AC4}.Debug|Any CPU.ActiveCfg = Debug|Any CPU
		{3D9332B8-322C-4092-9942-FD32A77A7AC4}.Debug|Any CPU.Build.0 = Debug|Any CPU
		{3D9332B8-322C-4092-9942-FD32A77A7AC4}.Release|Any CPU.ActiveCfg = Release|Any CPU
		{3D9332B8-322C-4092-9942-FD32A77A7AC4}.Release|Any CPU.Build.0 = Release|Any CPU
		{CCC69AB4-F1D2-43D5-868F-FDDE0CD3815F}.Debug|Any CPU.ActiveCfg = Debug|Any CPU
		{CCC69AB4-F1D2-43D5-868F-FDDE0CD3815F}.Debug|Any CPU.Build.0 = Debug|Any CPU
		{CCC69AB4-F1D2-43D5-868F-FDDE0CD3815F}.Release|Any CPU.ActiveCfg = Release|Any CPU
		{CCC69AB4-F1D2-43D5-868F-FDDE0CD3815F}.Release|Any CPU.Build.0 = Release|Any CPU
		{4A029BFD-46A9-42FB-9837-921510215F0B}.Debug|Any CPU.ActiveCfg = Debug|Any CPU
		{4A029BFD-46A9-42FB-9837-921510215F0B}.Debug|Any CPU.Build.0 = Debug|Any CPU
		{4A029BFD-46A9-42FB-9837-921510215F0B}.Release|Any CPU.ActiveCfg = Release|Any CPU
		{4A029BFD-46A9-42FB-9837-921510215F0B}.Release|Any CPU.Build.0 = Release|Any CPU
		{951FF07E-FC44-4393-ABCE-5809788EA6E5}.Debug|Any CPU.ActiveCfg = Debug|Any CPU
		{951FF07E-FC44-4393-ABCE-5809788EA6E5}.Debug|Any CPU.Build.0 = Debug|Any CPU
		{951FF07E-FC44-4393-ABCE-5809788EA6E5}.Release|Any CPU.ActiveCfg = Release|Any CPU
		{951FF07E-FC44-4393-ABCE-5809788EA6E5}.Release|Any CPU.Build.0 = Release|Any CPU
		{15F5C119-D8A5-46AB-A5F1-BC23FC3B5EA9}.Debug|Any CPU.ActiveCfg = Debug|Any CPU
		{15F5C119-D8A5-46AB-A5F1-BC23FC3B5EA9}.Debug|Any CPU.Build.0 = Debug|Any CPU
		{15F5C119-D8A5-46AB-A5F1-BC23FC3B5EA9}.Release|Any CPU.ActiveCfg = Release|Any CPU
		{15F5C119-D8A5-46AB-A5F1-BC23FC3B5EA9}.Release|Any CPU.Build.0 = Release|Any CPU
		{B04BC05C-8B66-45D3-A831-F1FA29F0BFA1}.Debug|Any CPU.ActiveCfg = Debug|Any CPU
		{B04BC05C-8B66-45D3-A831-F1FA29F0BFA1}.Debug|Any CPU.Build.0 = Debug|Any CPU
		{B04BC05C-8B66-45D3-A831-F1FA29F0BFA1}.Release|Any CPU.ActiveCfg = Release|Any CPU
		{B04BC05C-8B66-45D3-A831-F1FA29F0BFA1}.Release|Any CPU.Build.0 = Release|Any CPU
		{B5681D86-CAEC-4CB5-B703-15E2486CC045}.Debug|Any CPU.ActiveCfg = Debug|Any CPU
		{B5681D86-CAEC-4CB5-B703-15E2486CC045}.Debug|Any CPU.Build.0 = Debug|Any CPU
		{B5681D86-CAEC-4CB5-B703-15E2486CC045}.Release|Any CPU.ActiveCfg = Release|Any CPU
		{B5681D86-CAEC-4CB5-B703-15E2486CC045}.Release|Any CPU.Build.0 = Release|Any CPU
	EndGlobalSection
	GlobalSection(SolutionProperties) = preSolution
		HideSolutionNode = FALSE
	EndGlobalSection
	GlobalSection(ExtensibilityGlobals) = postSolution
		SolutionGuid = {1AD30A92-3FD1-4AA3-BDBE-9FDF31A44198}
	EndGlobalSection
EndGlobal
